
Microsoft Visual Studio Solution File, Format Version 12.00
# Visual Studio 2012
Project("{FAE04EC0-301F-11D3-BF4B-00C04F79EFBC}") = "GATest", "GATest\GATest.csproj", "{A171FD65-B0BE-4338-A61B-C2D92BA24EBE}"
EndProject
Global
	GlobalSection(SolutionConfigurationPlatforms) = preSolution
		Debug|Any CPU = Debug|Any CPU
		Release|Any CPU = Release|Any CPU
	EndGlobalSection
	GlobalSection(ProjectConfigurationPlatforms) = postSolution
		{A171FD65-B0BE-4338-A61B-C2D92BA24EBE}.Debug|Any CPU.ActiveCfg = Debug|Any CPU
		{A171FD65-B0BE-4338-A61B-C2D92BA24EBE}.Debug|Any CPU.Build.0 = Debug|Any CPU
		{A171FD65-B0BE-4338-A61B-C2D92BA24EBE}.Release|Any CPU.ActiveCfg = Release|Any CPU
		{A171FD65-B0BE-4338-A61B-C2D92BA24EBE}.Release|Any CPU.Build.0 = Release|Any CPU
	EndGlobalSection
	GlobalSection(SolutionProperties) = preSolution
		HideSolutionNode = FALSE
	EndGlobalSection
EndGlobal
